
Microsoft Visual Studio Solution File, Format Version 12.00
# Visual Studio Version 16
VisualStudioVersion = 16.0.31321.278
MinimumVisualStudioVersion = 10.0.40219.1
Project("{FAE04EC0-301F-11D3-BF4B-00C04F79EFBC}") = "HitAndMiss", "HitAndMiss\HitAndMiss.csproj", "{E4A656AA-23EB-4AC7-97AB-7B8B93B49207}"
EndProject
Global
	GlobalSection(SolutionConfigurationPlatforms) = preSolution
		Debug|Any CPU = Debug|Any CPU
		Release|Any CPU = Release|Any CPU
	EndGlobalSection
	GlobalSection(ProjectConfigurationPlatforms) = postSolution
		{E4A656AA-23EB-4AC7-97AB-7B8B93B49207}.Debug|Any CPU.ActiveCfg = Debug|Any CPU
		{E4A656AA-23EB-4AC7-97AB-7B8B93B49207}.Debug|Any CPU.Build.0 = Debug|Any CPU
		{E4A656AA-23EB-4AC7-97AB-7B8B93B49207}.Release|Any CPU.ActiveCfg = Release|Any CPU
		{E4A656AA-23EB-4AC7-97AB-7B8B93B49207}.Release|Any CPU.Build.0 = Release|Any CPU
	EndGlobalSection
	GlobalSection(SolutionProperties) = preSolution
		HideSolutionNode = FALSE
	EndGlobalSection
	GlobalSection(ExtensibilityGlobals) = postSolution
		SolutionGuid = {CA8892CA-186B-4D42-B139-49F011E5C293}
	EndGlobalSection
EndGlobal
